// !$*UTF8*$!
{
	archiveVersion = 1;
	classes = {
	};
	objectVersion = 56;
	objects = {

/* Begin PBXBuildFile section */
		054D03BB2C1AD0D9000D7DEE /* ErrorMessages.swift in Sources */ = {isa = PBXBuildFile; fileRef = 054D03BA2C1AD0D9000D7DEE /* ErrorMessages.swift */; };
		054D03BC2C1AD0D9000D7DEE /* ErrorMessages.swift in Sources */ = {isa = PBXBuildFile; fileRef = 054D03BA2C1AD0D9000D7DEE /* ErrorMessages.swift */; };
		054D03BD2C1AD0D9000D7DEE /* ErrorMessages.swift in Sources */ = {isa = PBXBuildFile; fileRef = 054D03BA2C1AD0D9000D7DEE /* ErrorMessages.swift */; };
		0574E3232C21BC9700F06AA8 /* EarthquakeTableViewCell.swift in Sources */ = {isa = PBXBuildFile; fileRef = 0574E3222C21BC9700F06AA8 /* EarthquakeTableViewCell.swift */; };
		0574E3242C21BC9700F06AA8 /* EarthquakeTableViewCell.swift in Sources */ = {isa = PBXBuildFile; fileRef = 0574E3222C21BC9700F06AA8 /* EarthquakeTableViewCell.swift */; };
		0574E3252C21BC9700F06AA8 /* EarthquakeTableViewCell.swift in Sources */ = {isa = PBXBuildFile; fileRef = 0574E3222C21BC9700F06AA8 /* EarthquakeTableViewCell.swift */; };
		0574E3272C21BD9700F06AA8 /* EarthquakeDetailViewController.swift in Sources */ = {isa = PBXBuildFile; fileRef = 0574E3262C21BD9700F06AA8 /* EarthquakeDetailViewController.swift */; };
		0574E3282C21BD9700F06AA8 /* EarthquakeDetailViewController.swift in Sources */ = {isa = PBXBuildFile; fileRef = 0574E3262C21BD9700F06AA8 /* EarthquakeDetailViewController.swift */; };
		0574E3292C21BD9700F06AA8 /* EarthquakeDetailViewController.swift in Sources */ = {isa = PBXBuildFile; fileRef = 0574E3262C21BD9700F06AA8 /* EarthquakeDetailViewController.swift */; };
		057AAFCE2C199B2800CFDEEE /* AppDelegate.swift in Sources */ = {isa = PBXBuildFile; fileRef = 057AAFCD2C199B2800CFDEEE /* AppDelegate.swift */; };
		057AAFD02C199B2800CFDEEE /* SceneDelegate.swift in Sources */ = {isa = PBXBuildFile; fileRef = 057AAFCF2C199B2800CFDEEE /* SceneDelegate.swift */; };
		057AAFD22C199B2800CFDEEE /* MapViewController.swift in Sources */ = {isa = PBXBuildFile; fileRef = 057AAFD12C199B2800CFDEEE /* MapViewController.swift */; };
		057AAFD82C199B2800CFDEEE /* EarthquakeMonitor.xcdatamodeld in Sources */ = {isa = PBXBuildFile; fileRef = 057AAFD62C199B2800CFDEEE /* EarthquakeMonitor.xcdatamodeld */; };
		057AAFDA2C199B2B00CFDEEE /* Assets.xcassets in Resources */ = {isa = PBXBuildFile; fileRef = 057AAFD92C199B2B00CFDEEE /* Assets.xcassets */; };
		057AAFDD2C199B2B00CFDEEE /* LaunchScreen.storyboard in Resources */ = {isa = PBXBuildFile; fileRef = 057AAFDB2C199B2B00CFDEEE /* LaunchScreen.storyboard */; };
		057AAFE82C199B2C00CFDEEE /* EarthquakeMonitorTests.swift in Sources */ = {isa = PBXBuildFile; fileRef = 057AAFE72C199B2C00CFDEEE /* EarthquakeMonitorTests.swift */; };
		057AAFF22C199B2C00CFDEEE /* EarthquakeMonitorUITests.swift in Sources */ = {isa = PBXBuildFile; fileRef = 057AAFF12C199B2C00CFDEEE /* EarthquakeMonitorUITests.swift */; };
		057AAFF42C199B2C00CFDEEE /* EarthquakeMonitorUITestsLaunchTests.swift in Sources */ = {isa = PBXBuildFile; fileRef = 057AAFF32C199B2C00CFDEEE /* EarthquakeMonitorUITestsLaunchTests.swift */; };
		057AB0042C19A1E400CFDEEE /* Earthquake.swift in Sources */ = {isa = PBXBuildFile; fileRef = 057AB0032C19A1E400CFDEEE /* Earthquake.swift */; };
		057AB0052C19A1E400CFDEEE /* Earthquake.swift in Sources */ = {isa = PBXBuildFile; fileRef = 057AB0032C19A1E400CFDEEE /* Earthquake.swift */; };
		057AB0062C19A1E400CFDEEE /* Earthquake.swift in Sources */ = {isa = PBXBuildFile; fileRef = 057AB0032C19A1E400CFDEEE /* Earthquake.swift */; };
		057AB00B2C19A31100CFDEEE /* EarthquakeViewModel.swift in Sources */ = {isa = PBXBuildFile; fileRef = 057AB00A2C19A31100CFDEEE /* EarthquakeViewModel.swift */; };
		057AB00C2C19A31100CFDEEE /* EarthquakeViewModel.swift in Sources */ = {isa = PBXBuildFile; fileRef = 057AB00A2C19A31100CFDEEE /* EarthquakeViewModel.swift */; };
		057AB00D2C19A31100CFDEEE /* EarthquakeViewModel.swift in Sources */ = {isa = PBXBuildFile; fileRef = 057AB00A2C19A31100CFDEEE /* EarthquakeViewModel.swift */; };
		057AB00F2C19A35A00CFDEEE /* EarthquakeViewController.swift in Sources */ = {isa = PBXBuildFile; fileRef = 057AB00E2C19A35A00CFDEEE /* EarthquakeViewController.swift */; };
		057AB0102C19A35A00CFDEEE /* EarthquakeViewController.swift in Sources */ = {isa = PBXBuildFile; fileRef = 057AB00E2C19A35A00CFDEEE /* EarthquakeViewController.swift */; };
		057AB0112C19A35A00CFDEEE /* EarthquakeViewController.swift in Sources */ = {isa = PBXBuildFile; fileRef = 057AB00E2C19A35A00CFDEEE /* EarthquakeViewController.swift */; };
		057AB0182C19AA4000CFDEEE /* CoreDataStack.swift in Sources */ = {isa = PBXBuildFile; fileRef = 057AB0172C19AA4000CFDEEE /* CoreDataStack.swift */; };
		057AB0192C19AA4000CFDEEE /* CoreDataStack.swift in Sources */ = {isa = PBXBuildFile; fileRef = 057AB0172C19AA4000CFDEEE /* CoreDataStack.swift */; };
		057AB01A2C19AA4000CFDEEE /* CoreDataStack.swift in Sources */ = {isa = PBXBuildFile; fileRef = 057AB0172C19AA4000CFDEEE /* CoreDataStack.swift */; };
		057AB01B2C19ACE100CFDEEE /* AppDelegate.swift in Sources */ = {isa = PBXBuildFile; fileRef = 057AAFCD2C199B2800CFDEEE /* AppDelegate.swift */; };
		057AB01C2C19ACE200CFDEEE /* AppDelegate.swift in Sources */ = {isa = PBXBuildFile; fileRef = 057AAFCD2C199B2800CFDEEE /* AppDelegate.swift */; };
		057AB01D2C19BA3700CFDEEE /* MapViewController.swift in Sources */ = {isa = PBXBuildFile; fileRef = 057AAFD12C199B2800CFDEEE /* MapViewController.swift */; };
		057AB01E2C19BA3700CFDEEE /* MapViewController.swift in Sources */ = {isa = PBXBuildFile; fileRef = 057AAFD12C199B2800CFDEEE /* MapViewController.swift */; };
		05961E662C1C7EB700C36B2F /* EarthquakeAnnotation.swift in Sources */ = {isa = PBXBuildFile; fileRef = 05961E652C1C7EB700C36B2F /* EarthquakeAnnotation.swift */; };
		05961E672C1C7EB700C36B2F /* EarthquakeAnnotation.swift in Sources */ = {isa = PBXBuildFile; fileRef = 05961E652C1C7EB700C36B2F /* EarthquakeAnnotation.swift */; };
		05961E682C1C7EB700C36B2F /* EarthquakeAnnotation.swift in Sources */ = {isa = PBXBuildFile; fileRef = 05961E652C1C7EB700C36B2F /* EarthquakeAnnotation.swift */; };
		05961E6A2C1C7FB200C36B2F /* EarthquakeAnnotationView.swift in Sources */ = {isa = PBXBuildFile; fileRef = 05961E692C1C7FB200C36B2F /* EarthquakeAnnotationView.swift */; };
		05961E6B2C1C7FB200C36B2F /* EarthquakeAnnotationView.swift in Sources */ = {isa = PBXBuildFile; fileRef = 05961E692C1C7FB200C36B2F /* EarthquakeAnnotationView.swift */; };
		05961E6C2C1C7FB200C36B2F /* EarthquakeAnnotationView.swift in Sources */ = {isa = PBXBuildFile; fileRef = 05961E692C1C7FB200C36B2F /* EarthquakeAnnotationView.swift */; };
		05961E6E2C1C81D500C36B2F /* LegendViewController.swift in Sources */ = {isa = PBXBuildFile; fileRef = 05961E6D2C1C81D500C36B2F /* LegendViewController.swift */; };
		05961E6F2C1C81D500C36B2F /* LegendViewController.swift in Sources */ = {isa = PBXBuildFile; fileRef = 05961E6D2C1C81D500C36B2F /* LegendViewController.swift */; };
		05961E702C1C81D500C36B2F /* LegendViewController.swift in Sources */ = {isa = PBXBuildFile; fileRef = 05961E6D2C1C81D500C36B2F /* LegendViewController.swift */; };
		05C7856F2C244B5B008C05E6 /* LegendItem.swift in Sources */ = {isa = PBXBuildFile; fileRef = 05C7856E2C244B5B008C05E6 /* LegendItem.swift */; };
		05C785702C244B5B008C05E6 /* LegendItem.swift in Sources */ = {isa = PBXBuildFile; fileRef = 05C7856E2C244B5B008C05E6 /* LegendItem.swift */; };
		05C785712C244B5B008C05E6 /* LegendItem.swift in Sources */ = {isa = PBXBuildFile; fileRef = 05C7856E2C244B5B008C05E6 /* LegendItem.swift */; };
		05C785732C244B9E008C05E6 /* LegendViewModel.swift in Sources */ = {isa = PBXBuildFile; fileRef = 05C785722C244B9E008C05E6 /* LegendViewModel.swift */; };
		05C785742C244B9E008C05E6 /* LegendViewModel.swift in Sources */ = {isa = PBXBuildFile; fileRef = 05C785722C244B9E008C05E6 /* LegendViewModel.swift */; };
		05C785752C244B9E008C05E6 /* LegendViewModel.swift in Sources */ = {isa = PBXBuildFile; fileRef = 05C785722C244B9E008C05E6 /* LegendViewModel.swift */; };
/* End PBXBuildFile section */

/* Begin PBXContainerItemProxy section */
		057AAFE42C199B2C00CFDEEE /* PBXContainerItemProxy */ = {
			isa = PBXContainerItemProxy;
			containerPortal = 057AAFC22C199B2800CFDEEE /* Project object */;
			proxyType = 1;
			remoteGlobalIDString = 057AAFC92C199B2800CFDEEE;
			remoteInfo = EarthquakeMonitor;
		};
		057AAFEE2C199B2C00CFDEEE /* PBXContainerItemProxy */ = {
			isa = PBXContainerItemProxy;
			containerPortal = 057AAFC22C199B2800CFDEEE /* Project object */;
			proxyType = 1;
			remoteGlobalIDString = 057AAFC92C199B2800CFDEEE;
			remoteInfo = EarthquakeMonitor;
		};
/* End PBXContainerItemProxy section */

/* Begin PBXFileReference section */
		054D03BA2C1AD0D9000D7DEE /* ErrorMessages.swift */ = {isa = PBXFileReference; lastKnownFileType = sourcecode.swift; path = ErrorMessages.swift; sourceTree = "<group>"; };
		0574E3222C21BC9700F06AA8 /* EarthquakeTableViewCell.swift */ = {isa = PBXFileReference; lastKnownFileType = sourcecode.swift; path = EarthquakeTableViewCell.swift; sourceTree = "<group>"; };
		0574E3262C21BD9700F06AA8 /* EarthquakeDetailViewController.swift */ = {isa = PBXFileReference; lastKnownFileType = sourcecode.swift; path = EarthquakeDetailViewController.swift; sourceTree = "<group>"; };
		057AAFCA2C199B2800CFDEEE /* EarthquakeMonitor.app */ = {isa = PBXFileReference; explicitFileType = wrapper.application; includeInIndex = 0; path = EarthquakeMonitor.app; sourceTree = BUILT_PRODUCTS_DIR; };
		057AAFCD2C199B2800CFDEEE /* AppDelegate.swift */ = {isa = PBXFileReference; lastKnownFileType = sourcecode.swift; path = AppDelegate.swift; sourceTree = "<group>"; };
		057AAFCF2C199B2800CFDEEE /* SceneDelegate.swift */ = {isa = PBXFileReference; lastKnownFileType = sourcecode.swift; path = SceneDelegate.swift; sourceTree = "<group>"; };
		057AAFD12C199B2800CFDEEE /* MapViewController.swift */ = {isa = PBXFileReference; lastKnownFileType = sourcecode.swift; path = MapViewController.swift; sourceTree = "<group>"; };
		057AAFD72C199B2800CFDEEE /* EarthquakeMonitor.xcdatamodel */ = {isa = PBXFileReference; lastKnownFileType = wrapper.xcdatamodel; path = EarthquakeMonitor.xcdatamodel; sourceTree = "<group>"; };
		057AAFD92C199B2B00CFDEEE /* Assets.xcassets */ = {isa = PBXFileReference; lastKnownFileType = folder.assetcatalog; path = Assets.xcassets; sourceTree = "<group>"; };
		057AAFDC2C199B2B00CFDEEE /* Base */ = {isa = PBXFileReference; lastKnownFileType = file.storyboard; name = Base; path = Base.lproj/LaunchScreen.storyboard; sourceTree = "<group>"; };
		057AAFDE2C199B2B00CFDEEE /* Info.plist */ = {isa = PBXFileReference; lastKnownFileType = text.plist.xml; path = Info.plist; sourceTree = "<group>"; };
		057AAFE32C199B2C00CFDEEE /* EarthquakeMonitorTests.xctest */ = {isa = PBXFileReference; explicitFileType = wrapper.cfbundle; includeInIndex = 0; path = EarthquakeMonitorTests.xctest; sourceTree = BUILT_PRODUCTS_DIR; };
		057AAFE72C199B2C00CFDEEE /* EarthquakeMonitorTests.swift */ = {isa = PBXFileReference; lastKnownFileType = sourcecode.swift; path = EarthquakeMonitorTests.swift; sourceTree = "<group>"; };
		057AAFED2C199B2C00CFDEEE /* EarthquakeMonitorUITests.xctest */ = {isa = PBXFileReference; explicitFileType = wrapper.cfbundle; includeInIndex = 0; path = EarthquakeMonitorUITests.xctest; sourceTree = BUILT_PRODUCTS_DIR; };
		057AAFF12C199B2C00CFDEEE /* EarthquakeMonitorUITests.swift */ = {isa = PBXFileReference; lastKnownFileType = sourcecode.swift; path = EarthquakeMonitorUITests.swift; sourceTree = "<group>"; };
		057AAFF32C199B2C00CFDEEE /* EarthquakeMonitorUITestsLaunchTests.swift */ = {isa = PBXFileReference; lastKnownFileType = sourcecode.swift; path = EarthquakeMonitorUITestsLaunchTests.swift; sourceTree = "<group>"; };
		057AB0032C19A1E400CFDEEE /* Earthquake.swift */ = {isa = PBXFileReference; lastKnownFileType = sourcecode.swift; path = Earthquake.swift; sourceTree = "<group>"; };
		057AB00A2C19A31100CFDEEE /* EarthquakeViewModel.swift */ = {isa = PBXFileReference; lastKnownFileType = sourcecode.swift; path = EarthquakeViewModel.swift; sourceTree = "<group>"; };
		057AB00E2C19A35A00CFDEEE /* EarthquakeViewController.swift */ = {isa = PBXFileReference; lastKnownFileType = sourcecode.swift; path = EarthquakeViewController.swift; sourceTree = "<group>"; };
		057AB0172C19AA4000CFDEEE /* CoreDataStack.swift */ = {isa = PBXFileReference; lastKnownFileType = sourcecode.swift; path = CoreDataStack.swift; sourceTree = "<group>"; };
		05961E652C1C7EB700C36B2F /* EarthquakeAnnotation.swift */ = {isa = PBXFileReference; lastKnownFileType = sourcecode.swift; path = EarthquakeAnnotation.swift; sourceTree = "<group>"; };
		05961E692C1C7FB200C36B2F /* EarthquakeAnnotationView.swift */ = {isa = PBXFileReference; lastKnownFileType = sourcecode.swift; path = EarthquakeAnnotationView.swift; sourceTree = "<group>"; };
		05961E6D2C1C81D500C36B2F /* LegendViewController.swift */ = {isa = PBXFileReference; lastKnownFileType = sourcecode.swift; path = LegendViewController.swift; sourceTree = "<group>"; };
		05C7856E2C244B5B008C05E6 /* LegendItem.swift */ = {isa = PBXFileReference; lastKnownFileType = sourcecode.swift; path = LegendItem.swift; sourceTree = "<group>"; };
		05C785722C244B9E008C05E6 /* LegendViewModel.swift */ = {isa = PBXFileReference; lastKnownFileType = sourcecode.swift; path = LegendViewModel.swift; sourceTree = "<group>"; };
/* End PBXFileReference section */

/* Begin PBXFrameworksBuildPhase section */
		057AAFC72C199B2800CFDEEE /* Frameworks */ = {
			isa = PBXFrameworksBuildPhase;
			buildActionMask = 2147483647;
			files = (
			);
			runOnlyForDeploymentPostprocessing = 0;
		};
		057AAFE02C199B2C00CFDEEE /* Frameworks */ = {
			isa = PBXFrameworksBuildPhase;
			buildActionMask = 2147483647;
			files = (
			);
			runOnlyForDeploymentPostprocessing = 0;
		};
		057AAFEA2C199B2C00CFDEEE /* Frameworks */ = {
			isa = PBXFrameworksBuildPhase;
			buildActionMask = 2147483647;
			files = (
			);
			runOnlyForDeploymentPostprocessing = 0;
		};
/* End PBXFrameworksBuildPhase section */

/* Begin PBXGroup section */
		054D03B92C1AD09F000D7DEE /* Utilities */ = {
			isa = PBXGroup;
			children = (
				054D03BA2C1AD0D9000D7DEE /* ErrorMessages.swift */,
			);
			path = Utilities;
			sourceTree = "<group>";
		};
		0574E3212C21BC1300F06AA8 /* CustomViews */ = {
			isa = PBXGroup;
			children = (
				0574E3222C21BC9700F06AA8 /* EarthquakeTableViewCell.swift */,
				0574E3262C21BD9700F06AA8 /* EarthquakeDetailViewController.swift */,
			);
			path = CustomViews;
			sourceTree = "<group>";
		};
		057AAFC12C199B2800CFDEEE = {
			isa = PBXGroup;
			children = (
				057AAFCC2C199B2800CFDEEE /* EarthquakeMonitor */,
				057AAFE62C199B2C00CFDEEE /* EarthquakeMonitorTests */,
				057AAFF02C199B2C00CFDEEE /* EarthquakeMonitorUITests */,
				057AAFCB2C199B2800CFDEEE /* Products */,
			);
			sourceTree = "<group>";
		};
		057AAFCB2C199B2800CFDEEE /* Products */ = {
			isa = PBXGroup;
			children = (
				057AAFCA2C199B2800CFDEEE /* EarthquakeMonitor.app */,
				057AAFE32C199B2C00CFDEEE /* EarthquakeMonitorTests.xctest */,
				057AAFED2C199B2C00CFDEEE /* EarthquakeMonitorUITests.xctest */,
			);
			name = Products;
			sourceTree = "<group>";
		};
		057AAFCC2C199B2800CFDEEE /* EarthquakeMonitor */ = {
			isa = PBXGroup;
			children = (
				057AB0092C19A2A600CFDEEE /* ViewControllers */,
				057AB0072C19A20800CFDEEE /* Support */,
				057AB0022C19A15500CFDEEE /* ViewModels */,
				057AB0002C19A14500CFDEEE /* Models */,
				054D03B92C1AD09F000D7DEE /* Utilities */,
				057AAFD92C199B2B00CFDEEE /* Assets.xcassets */,
				057AAFDB2C199B2B00CFDEEE /* LaunchScreen.storyboard */,
				057AAFDE2C199B2B00CFDEEE /* Info.plist */,
				057AAFD62C199B2800CFDEEE /* EarthquakeMonitor.xcdatamodeld */,
			);
			path = EarthquakeMonitor;
			sourceTree = "<group>";
		};
		057AAFE62C199B2C00CFDEEE /* EarthquakeMonitorTests */ = {
			isa = PBXGroup;
			children = (
				057AAFE72C199B2C00CFDEEE /* EarthquakeMonitorTests.swift */,
			);
			path = EarthquakeMonitorTests;
			sourceTree = "<group>";
		};
		057AAFF02C199B2C00CFDEEE /* EarthquakeMonitorUITests */ = {
			isa = PBXGroup;
			children = (
				057AAFF12C199B2C00CFDEEE /* EarthquakeMonitorUITests.swift */,
				057AAFF32C199B2C00CFDEEE /* EarthquakeMonitorUITestsLaunchTests.swift */,
			);
			path = EarthquakeMonitorUITests;
			sourceTree = "<group>";
		};
		057AB0002C19A14500CFDEEE /* Models */ = {
			isa = PBXGroup;
			children = (
				057AB0032C19A1E400CFDEEE /* Earthquake.swift */,
				057AB0172C19AA4000CFDEEE /* CoreDataStack.swift */,
				05961E652C1C7EB700C36B2F /* EarthquakeAnnotation.swift */,
				05C7856E2C244B5B008C05E6 /* LegendItem.swift */,
			);
			path = Models;
			sourceTree = "<group>";
		};
		057AB0022C19A15500CFDEEE /* ViewModels */ = {
			isa = PBXGroup;
			children = (
				057AB00A2C19A31100CFDEEE /* EarthquakeViewModel.swift */,
				05C785722C244B9E008C05E6 /* LegendViewModel.swift */,
			);
			path = ViewModels;
			sourceTree = "<group>";
		};
		057AB0072C19A20800CFDEEE /* Support */ = {
			isa = PBXGroup;
			children = (
				057AAFCF2C199B2800CFDEEE /* SceneDelegate.swift */,
				057AAFCD2C199B2800CFDEEE /* AppDelegate.swift */,
			);
			path = Support;
			sourceTree = "<group>";
		};
		057AB0092C19A2A600CFDEEE /* ViewControllers */ = {
			isa = PBXGroup;
			children = (
				057AB00E2C19A35A00CFDEEE /* EarthquakeViewController.swift */,
				057AAFD12C199B2800CFDEEE /* MapViewController.swift */,
				05961E692C1C7FB200C36B2F /* EarthquakeAnnotationView.swift */,
				05961E6D2C1C81D500C36B2F /* LegendViewController.swift */,
				0574E3212C21BC1300F06AA8 /* CustomViews */,
			);
			path = ViewControllers;
			sourceTree = "<group>";
		};
/* End PBXGroup section */

/* Begin PBXNativeTarget section */
		057AAFC92C199B2800CFDEEE /* EarthquakeMonitor */ = {
			isa = PBXNativeTarget;
			buildConfigurationList = 057AAFF72C199B2C00CFDEEE /* Build configuration list for PBXNativeTarget "EarthquakeMonitor" */;
			buildPhases = (
				057AAFC62C199B2800CFDEEE /* Sources */,
				057AAFC72C199B2800CFDEEE /* Frameworks */,
				057AAFC82C199B2800CFDEEE /* Resources */,
			);
			buildRules = (
			);
			dependencies = (
			);
			name = EarthquakeMonitor;
			productName = EarthquakeMonitor;
			productReference = 057AAFCA2C199B2800CFDEEE /* EarthquakeMonitor.app */;
			productType = "com.apple.product-type.application";
		};
		057AAFE22C199B2C00CFDEEE /* EarthquakeMonitorTests */ = {
			isa = PBXNativeTarget;
			buildConfigurationList = 057AAFFA2C199B2C00CFDEEE /* Build configuration list for PBXNativeTarget "EarthquakeMonitorTests" */;
			buildPhases = (
				057AAFDF2C199B2C00CFDEEE /* Sources */,
				057AAFE02C199B2C00CFDEEE /* Frameworks */,
				057AAFE12C199B2C00CFDEEE /* Resources */,
			);
			buildRules = (
			);
			dependencies = (
				057AAFE52C199B2C00CFDEEE /* PBXTargetDependency */,
			);
			name = EarthquakeMonitorTests;
			productName = EarthquakeMonitorTests;
			productReference = 057AAFE32C199B2C00CFDEEE /* EarthquakeMonitorTests.xctest */;
			productType = "com.apple.product-type.bundle.unit-test";
		};
		057AAFEC2C199B2C00CFDEEE /* EarthquakeMonitorUITests */ = {
			isa = PBXNativeTarget;
			buildConfigurationList = 057AAFFD2C199B2C00CFDEEE /* Build configuration list for PBXNativeTarget "EarthquakeMonitorUITests" */;
			buildPhases = (
				057AAFE92C199B2C00CFDEEE /* Sources */,
				057AAFEA2C199B2C00CFDEEE /* Frameworks */,
				057AAFEB2C199B2C00CFDEEE /* Resources */,
			);
			buildRules = (
			);
			dependencies = (
				057AAFEF2C199B2C00CFDEEE /* PBXTargetDependency */,
			);
			name = EarthquakeMonitorUITests;
			productName = EarthquakeMonitorUITests;
			productReference = 057AAFED2C199B2C00CFDEEE /* EarthquakeMonitorUITests.xctest */;
			productType = "com.apple.product-type.bundle.ui-testing";
		};
/* End PBXNativeTarget section */

/* Begin PBXProject section */
		057AAFC22C199B2800CFDEEE /* Project object */ = {
			isa = PBXProject;
			attributes = {
				BuildIndependentTargetsInParallel = 1;
				LastSwiftUpdateCheck = 1430;
				LastUpgradeCheck = 1430;
				TargetAttributes = {
					057AAFC92C199B2800CFDEEE = {
						CreatedOnToolsVersion = 14.3;
					};
					057AAFE22C199B2C00CFDEEE = {
						CreatedOnToolsVersion = 14.3;
						TestTargetID = 057AAFC92C199B2800CFDEEE;
					};
					057AAFEC2C199B2C00CFDEEE = {
						CreatedOnToolsVersion = 14.3;
						TestTargetID = 057AAFC92C199B2800CFDEEE;
					};
				};
			};
			buildConfigurationList = 057AAFC52C199B2800CFDEEE /* Build configuration list for PBXProject "EarthquakeMonitor" */;
			compatibilityVersion = "Xcode 14.0";
			developmentRegion = en;
			hasScannedForEncodings = 0;
			knownRegions = (
				en,
				Base,
			);
			mainGroup = 057AAFC12C199B2800CFDEEE;
			productRefGroup = 057AAFCB2C199B2800CFDEEE /* Products */;
			projectDirPath = "";
			projectRoot = "";
			targets = (
				057AAFC92C199B2800CFDEEE /* EarthquakeMonitor */,
				057AAFE22C199B2C00CFDEEE /* EarthquakeMonitorTests */,
				057AAFEC2C199B2C00CFDEEE /* EarthquakeMonitorUITests */,
			);
		};
/* End PBXProject section */

/* Begin PBXResourcesBuildPhase section */
		057AAFC82C199B2800CFDEEE /* Resources */ = {
			isa = PBXResourcesBuildPhase;
			buildActionMask = 2147483647;
			files = (
				057AAFDD2C199B2B00CFDEEE /* LaunchScreen.storyboard in Resources */,
				057AAFDA2C199B2B00CFDEEE /* Assets.xcassets in Resources */,
			);
			runOnlyForDeploymentPostprocessing = 0;
		};
		057AAFE12C199B2C00CFDEEE /* Resources */ = {
			isa = PBXResourcesBuildPhase;
			buildActionMask = 2147483647;
			files = (
			);
			runOnlyForDeploymentPostprocessing = 0;
		};
		057AAFEB2C199B2C00CFDEEE /* Resources */ = {
			isa = PBXResourcesBuildPhase;
			buildActionMask = 2147483647;
			files = (
			);
			runOnlyForDeploymentPostprocessing = 0;
		};
/* End PBXResourcesBuildPhase section */

/* Begin PBXSourcesBuildPhase section */
		057AAFC62C199B2800CFDEEE /* Sources */ = {
			isa = PBXSourcesBuildPhase;
			buildActionMask = 2147483647;
			files = (
				057AB0042C19A1E400CFDEEE /* Earthquake.swift in Sources */,
				05961E6E2C1C81D500C36B2F /* LegendViewController.swift in Sources */,
				0574E3272C21BD9700F06AA8 /* EarthquakeDetailViewController.swift in Sources */,
				057AB00B2C19A31100CFDEEE /* EarthquakeViewModel.swift in Sources */,
				057AAFD22C199B2800CFDEEE /* MapViewController.swift in Sources */,
				057AAFD82C199B2800CFDEEE /* EarthquakeMonitor.xcdatamodeld in Sources */,
				057AAFCE2C199B2800CFDEEE /* AppDelegate.swift in Sources */,
				0574E3232C21BC9700F06AA8 /* EarthquakeTableViewCell.swift in Sources */,
				05961E662C1C7EB700C36B2F /* EarthquakeAnnotation.swift in Sources */,
				054D03BB2C1AD0D9000D7DEE /* ErrorMessages.swift in Sources */,
				05961E6A2C1C7FB200C36B2F /* EarthquakeAnnotationView.swift in Sources */,
				05C785732C244B9E008C05E6 /* LegendViewModel.swift in Sources */,
				057AB00F2C19A35A00CFDEEE /* EarthquakeViewController.swift in Sources */,
				05C7856F2C244B5B008C05E6 /* LegendItem.swift in Sources */,
				057AAFD02C199B2800CFDEEE /* SceneDelegate.swift in Sources */,
				057AB0182C19AA4000CFDEEE /* CoreDataStack.swift in Sources */,
			);
			runOnlyForDeploymentPostprocessing = 0;
		};
		057AAFDF2C199B2C00CFDEEE /* Sources */ = {
			isa = PBXSourcesBuildPhase;
			buildActionMask = 2147483647;
			files = (
				05961E6B2C1C7FB200C36B2F /* EarthquakeAnnotationView.swift in Sources */,
				054D03BC2C1AD0D9000D7DEE /* ErrorMessages.swift in Sources */,
				0574E3242C21BC9700F06AA8 /* EarthquakeTableViewCell.swift in Sources */,
				057AB01B2C19ACE100CFDEEE /* AppDelegate.swift in Sources */,
				057AB0192C19AA4000CFDEEE /* CoreDataStack.swift in Sources */,
				057AB0052C19A1E400CFDEEE /* Earthquake.swift in Sources */,
				05961E6F2C1C81D500C36B2F /* LegendViewController.swift in Sources */,
				05C785702C244B5B008C05E6 /* LegendItem.swift in Sources */,
				057AB00C2C19A31100CFDEEE /* EarthquakeViewModel.swift in Sources */,
				057AB01D2C19BA3700CFDEEE /* MapViewController.swift in Sources */,
				05C785742C244B9E008C05E6 /* LegendViewModel.swift in Sources */,
				05961E672C1C7EB700C36B2F /* EarthquakeAnnotation.swift in Sources */,
				0574E3282C21BD9700F06AA8 /* EarthquakeDetailViewController.swift in Sources */,
				057AAFE82C199B2C00CFDEEE /* EarthquakeMonitorTests.swift in Sources */,
				057AB0102C19A35A00CFDEEE /* EarthquakeViewController.swift in Sources */,
			);
			runOnlyForDeploymentPostprocessing = 0;
		};
		057AAFE92C199B2C00CFDEEE /* Sources */ = {
			isa = PBXSourcesBuildPhase;
			buildActionMask = 2147483647;
			files = (
				057AB0112C19A35A00CFDEEE /* EarthquakeViewController.swift in Sources */,
				05961E702C1C81D500C36B2F /* LegendViewController.swift in Sources */,
				0574E3292C21BD9700F06AA8 /* EarthquakeDetailViewController.swift in Sources */,
				057AAFF42C199B2C00CFDEEE /* EarthquakeMonitorUITestsLaunchTests.swift in Sources */,
				057AB0062C19A1E400CFDEEE /* Earthquake.swift in Sources */,
				057AB01A2C19AA4000CFDEEE /* CoreDataStack.swift in Sources */,
				057AB01C2C19ACE200CFDEEE /* AppDelegate.swift in Sources */,
				0574E3252C21BC9700F06AA8 /* EarthquakeTableViewCell.swift in Sources */,
				05961E682C1C7EB700C36B2F /* EarthquakeAnnotation.swift in Sources */,
				054D03BD2C1AD0D9000D7DEE /* ErrorMessages.swift in Sources */,
				05961E6C2C1C7FB200C36B2F /* EarthquakeAnnotationView.swift in Sources */,
				05C785752C244B9E008C05E6 /* LegendViewModel.swift in Sources */,
				057AAFF22C199B2C00CFDEEE /* EarthquakeMonitorUITests.swift in Sources */,
				05C785712C244B5B008C05E6 /* LegendItem.swift in Sources */,
				057AB01E2C19BA3700CFDEEE /* MapViewController.swift in Sources */,
				057AB00D2C19A31100CFDEEE /* EarthquakeViewModel.swift in Sources */,
			);
			runOnlyForDeploymentPostprocessing = 0;
		};
/* End PBXSourcesBuildPhase section */

/* Begin PBXTargetDependency section */
		057AAFE52C199B2C00CFDEEE /* PBXTargetDependency */ = {
			isa = PBXTargetDependency;
			target = 057AAFC92C199B2800CFDEEE /* EarthquakeMonitor */;
			targetProxy = 057AAFE42C199B2C00CFDEEE /* PBXContainerItemProxy */;
		};
		057AAFEF2C199B2C00CFDEEE /* PBXTargetDependency */ = {
			isa = PBXTargetDependency;
			target = 057AAFC92C199B2800CFDEEE /* EarthquakeMonitor */;
			targetProxy = 057AAFEE2C199B2C00CFDEEE /* PBXContainerItemProxy */;
		};
/* End PBXTargetDependency section */

/* Begin PBXVariantGroup section */
		057AAFDB2C199B2B00CFDEEE /* LaunchScreen.storyboard */ = {
			isa = PBXVariantGroup;
			children = (
				057AAFDC2C199B2B00CFDEEE /* Base */,
			);
			name = LaunchScreen.storyboard;
			sourceTree = "<group>";
		};
/* End PBXVariantGroup section */

/* Begin XCBuildConfiguration section */
		057AAFF52C199B2C00CFDEEE /* Debug */ = {
			isa = XCBuildConfiguration;
			buildSettings = {
				ALWAYS_SEARCH_USER_PATHS = NO;
				CLANG_ANALYZER_NONNULL = YES;
				CLANG_ANALYZER_NUMBER_OBJECT_CONVERSION = YES_AGGRESSIVE;
				CLANG_CXX_LANGUAGE_STANDARD = "gnu++20";
				CLANG_ENABLE_MODULES = YES;
				CLANG_ENABLE_OBJC_ARC = YES;
				CLANG_ENABLE_OBJC_WEAK = YES;
				CLANG_WARN_BLOCK_CAPTURE_AUTORELEASING = YES;
				CLANG_WARN_BOOL_CONVERSION = YES;
				CLANG_WARN_COMMA = YES;
				CLANG_WARN_CONSTANT_CONVERSION = YES;
				CLANG_WARN_DEPRECATED_OBJC_IMPLEMENTATIONS = YES;
				CLANG_WARN_DIRECT_OBJC_ISA_USAGE = YES_ERROR;
				CLANG_WARN_DOCUMENTATION_COMMENTS = YES;
				CLANG_WARN_EMPTY_BODY = YES;
				CLANG_WARN_ENUM_CONVERSION = YES;
				CLANG_WARN_INFINITE_RECURSION = YES;
				CLANG_WARN_INT_CONVERSION = YES;
				CLANG_WARN_NON_LITERAL_NULL_CONVERSION = YES;
				CLANG_WARN_OBJC_IMPLICIT_RETAIN_SELF = YES;
				CLANG_WARN_OBJC_LITERAL_CONVERSION = YES;
				CLANG_WARN_OBJC_ROOT_CLASS = YES_ERROR;
				CLANG_WARN_QUOTED_INCLUDE_IN_FRAMEWORK_HEADER = YES;
				CLANG_WARN_RANGE_LOOP_ANALYSIS = YES;
				CLANG_WARN_STRICT_PROTOTYPES = YES;
				CLANG_WARN_SUSPICIOUS_MOVE = YES;
				CLANG_WARN_UNGUARDED_AVAILABILITY = YES_AGGRESSIVE;
				CLANG_WARN_UNREACHABLE_CODE = YES;
				CLANG_WARN__DUPLICATE_METHOD_MATCH = YES;
				COPY_PHASE_STRIP = NO;
				DEBUG_INFORMATION_FORMAT = dwarf;
				ENABLE_STRICT_OBJC_MSGSEND = YES;
				ENABLE_TESTABILITY = YES;
				GCC_C_LANGUAGE_STANDARD = gnu11;
				GCC_DYNAMIC_NO_PIC = NO;
				GCC_NO_COMMON_BLOCKS = YES;
				GCC_OPTIMIZATION_LEVEL = 0;
				GCC_PREPROCESSOR_DEFINITIONS = (
					"DEBUG=1",
					"$(inherited)",
				);
				GCC_WARN_64_TO_32_BIT_CONVERSION = YES;
				GCC_WARN_ABOUT_RETURN_TYPE = YES_ERROR;
				GCC_WARN_UNDECLARED_SELECTOR = YES;
				GCC_WARN_UNINITIALIZED_AUTOS = YES_AGGRESSIVE;
				GCC_WARN_UNUSED_FUNCTION = YES;
				GCC_WARN_UNUSED_VARIABLE = YES;
				IPHONEOS_DEPLOYMENT_TARGET = 16.4;
				MTL_ENABLE_DEBUG_INFO = INCLUDE_SOURCE;
				MTL_FAST_MATH = YES;
				ONLY_ACTIVE_ARCH = YES;
				SDKROOT = iphoneos;
				SWIFT_ACTIVE_COMPILATION_CONDITIONS = DEBUG;
				SWIFT_OPTIMIZATION_LEVEL = "-Onone";
			};
			name = Debug;
		};
		057AAFF62C199B2C00CFDEEE /* Release */ = {
			isa = XCBuildConfiguration;
			buildSettings = {
				ALWAYS_SEARCH_USER_PATHS = NO;
				CLANG_ANALYZER_NONNULL = YES;
				CLANG_ANALYZER_NUMBER_OBJECT_CONVERSION = YES_AGGRESSIVE;
				CLANG_CXX_LANGUAGE_STANDARD = "gnu++20";
				CLANG_ENABLE_MODULES = YES;
				CLANG_ENABLE_OBJC_ARC = YES;
				CLANG_ENABLE_OBJC_WEAK = YES;
				CLANG_WARN_BLOCK_CAPTURE_AUTORELEASING = YES;
				CLANG_WARN_BOOL_CONVERSION = YES;
				CLANG_WARN_COMMA = YES;
				CLANG_WARN_CONSTANT_CONVERSION = YES;
				CLANG_WARN_DEPRECATED_OBJC_IMPLEMENTATIONS = YES;
				CLANG_WARN_DIRECT_OBJC_ISA_USAGE = YES_ERROR;
				CLANG_WARN_DOCUMENTATION_COMMENTS = YES;
				CLANG_WARN_EMPTY_BODY = YES;
				CLANG_WARN_ENUM_CONVERSION = YES;
				CLANG_WARN_INFINITE_RECURSION = YES;
				CLANG_WARN_INT_CONVERSION = YES;
				CLANG_WARN_NON_LITERAL_NULL_CONVERSION = YES;
				CLANG_WARN_OBJC_IMPLICIT_RETAIN_SELF = YES;
				CLANG_WARN_OBJC_LITERAL_CONVERSION = YES;
				CLANG_WARN_OBJC_ROOT_CLASS = YES_ERROR;
				CLANG_WARN_QUOTED_INCLUDE_IN_FRAMEWORK_HEADER = YES;
				CLANG_WARN_RANGE_LOOP_ANALYSIS = YES;
				CLANG_WARN_STRICT_PROTOTYPES = YES;
				CLANG_WARN_SUSPICIOUS_MOVE = YES;
				CLANG_WARN_UNGUARDED_AVAILABILITY = YES_AGGRESSIVE;
				CLANG_WARN_UNREACHABLE_CODE = YES;
				CLANG_WARN__DUPLICATE_METHOD_MATCH = YES;
				COPY_PHASE_STRIP = NO;
				DEBUG_INFORMATION_FORMAT = "dwarf-with-dsym";
				ENABLE_NS_ASSERTIONS = NO;
				ENABLE_STRICT_OBJC_MSGSEND = YES;
				GCC_C_LANGUAGE_STANDARD = gnu11;
				GCC_NO_COMMON_BLOCKS = YES;
				GCC_WARN_64_TO_32_BIT_CONVERSION = YES;
				GCC_WARN_ABOUT_RETURN_TYPE = YES_ERROR;
				GCC_WARN_UNDECLARED_SELECTOR = YES;
				GCC_WARN_UNINITIALIZED_AUTOS = YES_AGGRESSIVE;
				GCC_WARN_UNUSED_FUNCTION = YES;
				GCC_WARN_UNUSED_VARIABLE = YES;
				IPHONEOS_DEPLOYMENT_TARGET = 16.4;
				MTL_ENABLE_DEBUG_INFO = NO;
				MTL_FAST_MATH = YES;
				SDKROOT = iphoneos;
				SWIFT_COMPILATION_MODE = wholemodule;
				SWIFT_OPTIMIZATION_LEVEL = "-O";
				VALIDATE_PRODUCT = YES;
			};
			name = Release;
		};
		057AAFF82C199B2C00CFDEEE /* Debug */ = {
			isa = XCBuildConfiguration;
			buildSettings = {
				ASSETCATALOG_COMPILER_APPICON_NAME = AppIcon;
				ASSETCATALOG_COMPILER_GLOBAL_ACCENT_COLOR_NAME = AccentColor;
				CODE_SIGN_STYLE = Automatic;
				CURRENT_PROJECT_VERSION = 1;
				DEVELOPMENT_TEAM = TN8F86PNVM;
				GENERATE_INFOPLIST_FILE = YES;
				INFOPLIST_FILE = EarthquakeMonitor/Info.plist;
				INFOPLIST_KEY_CFBundleDisplayName = "";
				INFOPLIST_KEY_LSApplicationCategoryType = "public.app-category.news";
				INFOPLIST_KEY_UIApplicationSupportsIndirectInputEvents = YES;
				INFOPLIST_KEY_UILaunchScreen_Generation = YES;
				INFOPLIST_KEY_UILaunchStoryboardName = LaunchScreen;
				INFOPLIST_KEY_UIMainStoryboardFile = "";
				INFOPLIST_KEY_UIStatusBarStyle = "";
				INFOPLIST_KEY_UISupportedInterfaceOrientations = "UIInterfaceOrientationLandscapeLeft UIInterfaceOrientationLandscapeRight UIInterfaceOrientationPortrait UIInterfaceOrientationPortraitUpsideDown";
				IPHONEOS_DEPLOYMENT_TARGET = 16.0;
				LD_RUNPATH_SEARCH_PATHS = (
					"$(inherited)",
					"@executable_path/Frameworks",
				);
				MARKETING_VERSION = 1.0;
				PRODUCT_BUNDLE_IDENTIFIER = com.kibichy.EarthquakeMonitor;
				PRODUCT_NAME = "$(TARGET_NAME)";
				SWIFT_EMIT_LOC_STRINGS = YES;
				SWIFT_VERSION = 5.0;
				TARGETED_DEVICE_FAMILY = "1,2";
			};
			name = Debug;
		};
		057AAFF92C199B2C00CFDEEE /* Release */ = {
			isa = XCBuildConfiguration;
			buildSettings = {
				ASSETCATALOG_COMPILER_APPICON_NAME = AppIcon;
				ASSETCATALOG_COMPILER_GLOBAL_ACCENT_COLOR_NAME = AccentColor;
				CODE_SIGN_STYLE = Automatic;
				CURRENT_PROJECT_VERSION = 1;
				DEVELOPMENT_TEAM = TN8F86PNVM;
				GENERATE_INFOPLIST_FILE = YES;
				INFOPLIST_FILE = EarthquakeMonitor/Info.plist;
				INFOPLIST_KEY_CFBundleDisplayName = "";
				INFOPLIST_KEY_LSApplicationCategoryType = "public.app-category.news";
				INFOPLIST_KEY_UIApplicationSupportsIndirectInputEvents = YES;
				INFOPLIST_KEY_UILaunchScreen_Generation = YES;
				INFOPLIST_KEY_UILaunchStoryboardName = LaunchScreen;
				INFOPLIST_KEY_UIMainStoryboardFile = "";
				INFOPLIST_KEY_UIStatusBarStyle = "";
				INFOPLIST_KEY_UISupportedInterfaceOrientations = "UIInterfaceOrientationLandscapeLeft UIInterfaceOrientationLandscapeRight UIInterfaceOrientationPortrait UIInterfaceOrientationPortraitUpsideDown";
				IPHONEOS_DEPLOYMENT_TARGET = 16.0;
				LD_RUNPATH_SEARCH_PATHS = (
					"$(inherited)",
					"@executable_path/Frameworks",
				);
				MARKETING_VERSION = 1.0;
				PRODUCT_BUNDLE_IDENTIFIER = com.kibichy.EarthquakeMonitor;
				PRODUCT_NAME = "$(TARGET_NAME)";
				SWIFT_EMIT_LOC_STRINGS = YES;
				SWIFT_VERSION = 5.0;
				TARGETED_DEVICE_FAMILY = "1,2";
			};
			name = Release;
		};
		057AAFFB2C199B2C00CFDEEE /* Debug */ = {
			isa = XCBuildConfiguration;
			buildSettings = {
				ALWAYS_EMBED_SWIFT_STANDARD_LIBRARIES = YES;
				BUNDLE_LOADER = "$(TEST_HOST)";
				CODE_SIGN_STYLE = Automatic;
				CURRENT_PROJECT_VERSION = 1;
				DEVELOPMENT_TEAM = TN8F86PNVM;
				GENERATE_INFOPLIST_FILE = YES;
				IPHONEOS_DEPLOYMENT_TARGET = 16.4;
				MARKETING_VERSION = 1.0;
				PRODUCT_BUNDLE_IDENTIFIER = com.kibichy.EarthquakeMonitorTests;
				PRODUCT_NAME = "$(TARGET_NAME)";
				SWIFT_EMIT_LOC_STRINGS = NO;
				SWIFT_VERSION = 5.0;
				TARGETED_DEVICE_FAMILY = "1,2";
				TEST_HOST = "$(BUILT_PRODUCTS_DIR)/EarthquakeMonitor.app/$(BUNDLE_EXECUTABLE_FOLDER_PATH)/EarthquakeMonitor";
			};
			name = Debug;
		};
		057AAFFC2C199B2C00CFDEEE /* Release */ = {
			isa = XCBuildConfiguration;
			buildSettings = {
				ALWAYS_EMBED_SWIFT_STANDARD_LIBRARIES = YES;
				BUNDLE_LOADER = "$(TEST_HOST)";
				CODE_SIGN_STYLE = Automatic;
				CURRENT_PROJECT_VERSION = 1;
				DEVELOPMENT_TEAM = TN8F86PNVM;
				GENERATE_INFOPLIST_FILE = YES;
				IPHONEOS_DEPLOYMENT_TARGET = 16.4;
				MARKETING_VERSION = 1.0;
				PRODUCT_BUNDLE_IDENTIFIER = com.kibichy.EarthquakeMonitorTests;
				PRODUCT_NAME = "$(TARGET_NAME)";
				SWIFT_EMIT_LOC_STRINGS = NO;
				SWIFT_VERSION = 5.0;
				TARGETED_DEVICE_FAMILY = "1,2";
				TEST_HOST = "$(BUILT_PRODUCTS_DIR)/EarthquakeMonitor.app/$(BUNDLE_EXECUTABLE_FOLDER_PATH)/EarthquakeMonitor";
			};
			name = Release;
		};
		057AAFFE2C199B2C00CFDEEE /* Debug */ = {
			isa = XCBuildConfiguration;
			buildSettings = {
				ALWAYS_EMBED_SWIFT_STANDARD_LIBRARIES = YES;
				CODE_SIGN_STYLE = Automatic;
				CURRENT_PROJECT_VERSION = 1;
				DEVELOPMENT_TEAM = TN8F86PNVM;
				GENERATE_INFOPLIST_FILE = YES;
				MARKETING_VERSION = 1.0;
				PRODUCT_BUNDLE_IDENTIFIER = com.kibichy.EarthquakeMonitorUITests;
				PRODUCT_NAME = "$(TARGET_NAME)";
				SWIFT_EMIT_LOC_STRINGS = NO;
				SWIFT_VERSION = 5.0;
				TARGETED_DEVICE_FAMILY = "1,2";
				TEST_TARGET_NAME = EarthquakeMonitor;
			};
			name = Debug;
		};
		057AAFFF2C199B2C00CFDEEE /* Release */ = {
			isa = XCBuildConfiguration;
			buildSettings = {
				ALWAYS_EMBED_SWIFT_STANDARD_LIBRARIES = YES;
				CODE_SIGN_STYLE = Automatic;
				CURRENT_PROJECT_VERSION = 1;
				DEVELOPMENT_TEAM = TN8F86PNVM;
				GENERATE_INFOPLIST_FILE = YES;
				MARKETING_VERSION = 1.0;
				PRODUCT_BUNDLE_IDENTIFIER = com.kibichy.EarthquakeMonitorUITests;
				PRODUCT_NAME = "$(TARGET_NAME)";
				SWIFT_EMIT_LOC_STRINGS = NO;
				SWIFT_VERSION = 5.0;
				TARGETED_DEVICE_FAMILY = "1,2";
				TEST_TARGET_NAME = EarthquakeMonitor;
			};
			name = Release;
		};
/* End XCBuildConfiguration section */

/* Begin XCConfigurationList section */
		057AAFC52C199B2800CFDEEE /* Build configuration list for PBXProject "EarthquakeMonitor" */ = {
			isa = XCConfigurationList;
			buildConfigurations = (
				057AAFF52C199B2C00CFDEEE /* Debug */,
				057AAFF62C199B2C00CFDEEE /* Release */,
			);
			defaultConfigurationIsVisible = 0;
			defaultConfigurationName = Release;
		};
		057AAFF72C199B2C00CFDEEE /* Build configuration list for PBXNativeTarget "EarthquakeMonitor" */ = {
			isa = XCConfigurationList;
			buildConfigurations = (
				057AAFF82C199B2C00CFDEEE /* Debug */,
				057AAFF92C199B2C00CFDEEE /* Release */,
			);
			defaultConfigurationIsVisible = 0;
			defaultConfigurationName = Release;
		};
		057AAFFA2C199B2C00CFDEEE /* Build configuration list for PBXNativeTarget "EarthquakeMonitorTests" */ = {
			isa = XCConfigurationList;
			buildConfigurations = (
				057AAFFB2C199B2C00CFDEEE /* Debug */,
				057AAFFC2C199B2C00CFDEEE /* Release */,
			);
			defaultConfigurationIsVisible = 0;
			defaultConfigurationName = Release;
		};
		057AAFFD2C199B2C00CFDEEE /* Build configuration list for PBXNativeTarget "EarthquakeMonitorUITests" */ = {
			isa = XCConfigurationList;
			buildConfigurations = (
				057AAFFE2C199B2C00CFDEEE /* Debug */,
				057AAFFF2C199B2C00CFDEEE /* Release */,
			);
			defaultConfigurationIsVisible = 0;
			defaultConfigurationName = Release;
		};
/* End XCConfigurationList section */

/* Begin XCVersionGroup section */
		057AAFD62C199B2800CFDEEE /* EarthquakeMonitor.xcdatamodeld */ = {
			isa = XCVersionGroup;
			children = (
				057AAFD72C199B2800CFDEEE /* EarthquakeMonitor.xcdatamodel */,
			);
			currentVersion = 057AAFD72C199B2800CFDEEE /* EarthquakeMonitor.xcdatamodel */;
			path = EarthquakeMonitor.xcdatamodeld;
			sourceTree = "<group>";
			versionGroupType = wrapper.xcdatamodel;
		};
/* End XCVersionGroup section */
	};
	rootObject = 057AAFC22C199B2800CFDEEE /* Project object */;
}
